// !$*UTF8*$!
{
	archiveVersion = 1;
	classes = {
	};
	objectVersion = 48;
	objects = {

/* Begin PBXBuildFile section */
		F93687E31FD61CA40060E43C /* AppDelegate.swift in Sources */ = {isa = PBXBuildFile; fileRef = F93687E21FD61CA40060E43C /* AppDelegate.swift */; };
		F93687E51FD61CA40060E43C /* CoursesViewController.swift in Sources */ = {isa = PBXBuildFile; fileRef = F93687E41FD61CA40060E43C /* CoursesViewController.swift */; };
		F93687E81FD61CA40060E43C /* Main.storyboard in Resources */ = {isa = PBXBuildFile; fileRef = F93687E61FD61CA40060E43C /* Main.storyboard */; };
		F93687EA1FD61CA40060E43C /* Assets.xcassets in Resources */ = {isa = PBXBuildFile; fileRef = F93687E91FD61CA40060E43C /* Assets.xcassets */; };
		F93687ED1FD61CA40060E43C /* LaunchScreen.storyboard in Resources */ = {isa = PBXBuildFile; fileRef = F93687EB1FD61CA40060E43C /* LaunchScreen.storyboard */; };
		F93687F61FD61D160060E43C /* CoursePlannerModel.xcdatamodeld in Sources */ = {isa = PBXBuildFile; fileRef = F93687F41FD61D160060E43C /* CoursePlannerModel.xcdatamodeld */; };
		F93687F91FD623CA0060E43C /* CoreDataStack.swift in Sources */ = {isa = PBXBuildFile; fileRef = F93687F81FD623CA0060E43C /* CoreDataStack.swift */; };
		F93687FC1FD624140060E43C /* Course+Extensions.swift in Sources */ = {isa = PBXBuildFile; fileRef = F93687FB1FD624140060E43C /* Course+Extensions.swift */; };
		F93687FE1FD6242E0060E43C /* CoreDataInitiable.swift in Sources */ = {isa = PBXBuildFile; fileRef = F93687FD1FD6242E0060E43C /* CoreDataInitiable.swift */; };
		F9D7E3DE1FD72750009BEE77 /* SessionsViewController.swift in Sources */ = {isa = PBXBuildFile; fileRef = F9D7E3DD1FD72750009BEE77 /* SessionsViewController.swift */; };
		F9D7E3E01FD8DCB6009BEE77 /* AddCourseViewController.swift in Sources */ = {isa = PBXBuildFile; fileRef = F9D7E3DF1FD8DCB6009BEE77 /* AddCourseViewController.swift */; };
/* End PBXBuildFile section */

/* Begin PBXFileReference section */
		F93687DF1FD61CA40060E43C /* CoursePlanner.app */ = {isa = PBXFileReference; explicitFileType = wrapper.application; includeInIndex = 0; path = CoursePlanner.app; sourceTree = BUILT_PRODUCTS_DIR; };
		F93687E21FD61CA40060E43C /* AppDelegate.swift */ = {isa = PBXFileReference; lastKnownFileType = sourcecode.swift; path = AppDelegate.swift; sourceTree = "<group>"; };
		F93687E41FD61CA40060E43C /* CoursesViewController.swift */ = {isa = PBXFileReference; lastKnownFileType = sourcecode.swift; path = CoursesViewController.swift; sourceTree = "<group>"; };
		F93687E71FD61CA40060E43C /* Base */ = {isa = PBXFileReference; lastKnownFileType = file.storyboard; name = Base; path = Base.lproj/Main.storyboard; sourceTree = "<group>"; };
		F93687E91FD61CA40060E43C /* Assets.xcassets */ = {isa = PBXFileReference; lastKnownFileType = folder.assetcatalog; path = Assets.xcassets; sourceTree = "<group>"; };
		F93687EC1FD61CA40060E43C /* Base */ = {isa = PBXFileReference; lastKnownFileType = file.storyboard; name = Base; path = Base.lproj/LaunchScreen.storyboard; sourceTree = "<group>"; };
		F93687EE1FD61CA40060E43C /* Info.plist */ = {isa = PBXFileReference; lastKnownFileType = text.plist.xml; path = Info.plist; sourceTree = "<group>"; };
		F93687F51FD61D160060E43C /* CoursePlannerModel.xcdatamodel */ = {isa = PBXFileReference; lastKnownFileType = wrapper.xcdatamodel; path = CoursePlannerModel.xcdatamodel; sourceTree = "<group>"; };
		F93687F81FD623CA0060E43C /* CoreDataStack.swift */ = {isa = PBXFileReference; lastKnownFileType = sourcecode.swift; path = CoreDataStack.swift; sourceTree = "<group>"; };
		F93687FB1FD624140060E43C /* Course+Extensions.swift */ = {isa = PBXFileReference; lastKnownFileType = sourcecode.swift; name = "Course+Extensions.swift"; path = "CoursePlanner/ViewControllers/Coredata/Course+Extensions.swift"; sourceTree = SOURCE_ROOT; };
		F93687FD1FD6242E0060E43C /* CoreDataInitiable.swift */ = {isa = PBXFileReference; lastKnownFileType = sourcecode.swift; name = CoreDataInitiable.swift; path = CoursePlanner/ViewControllers/Coredata/CoreDataInitiable.swift; sourceTree = SOURCE_ROOT; };
		F9D7E3DD1FD72750009BEE77 /* SessionsViewController.swift */ = {isa = PBXFileReference; lastKnownFileType = sourcecode.swift; path = SessionsViewController.swift; sourceTree = "<group>"; };
		F9D7E3DF1FD8DCB6009BEE77 /* AddCourseViewController.swift */ = {isa = PBXFileReference; lastKnownFileType = sourcecode.swift; path = AddCourseViewController.swift; sourceTree = "<group>"; };
/* End PBXFileReference section */

/* Begin PBXFrameworksBuildPhase section */
		F93687DC1FD61CA40060E43C /* Frameworks */ = {
			isa = PBXFrameworksBuildPhase;
			buildActionMask = 2147483647;
			files = (
			);
			runOnlyForDeploymentPostprocessing = 0;
		};
/* End PBXFrameworksBuildPhase section */

/* Begin PBXGroup section */
		F93687D61FD61CA40060E43C = {
			isa = PBXGroup;
			children = (
				F93687E11FD61CA40060E43C /* CoursePlanner */,
				F93687E01FD61CA40060E43C /* Products */,
			);
			sourceTree = "<group>";
		};
		F93687E01FD61CA40060E43C /* Products */ = {
			isa = PBXGroup;
			children = (
				F93687DF1FD61CA40060E43C /* CoursePlanner.app */,
			);
			name = Products;
			sourceTree = "<group>";
		};
		F93687E11FD61CA40060E43C /* CoursePlanner */ = {
			isa = PBXGroup;
			children = (
				F93687E21FD61CA40060E43C /* AppDelegate.swift */,
				F93687F71FD623990060E43C /* ViewControllers */,
				F93687E61FD61CA40060E43C /* Main.storyboard */,
				F93687F41FD61D160060E43C /* CoursePlannerModel.xcdatamodeld */,
				F93687E91FD61CA40060E43C /* Assets.xcassets */,
				F93687EB1FD61CA40060E43C /* LaunchScreen.storyboard */,
				F93687EE1FD61CA40060E43C /* Info.plist */,
			);
			path = CoursePlanner;
			sourceTree = "<group>";
		};
		F93687F71FD623990060E43C /* ViewControllers */ = {
			isa = PBXGroup;
			children = (
				F93687E41FD61CA40060E43C /* CoursesViewController.swift */,
				F9D7E3DF1FD8DCB6009BEE77 /* AddCourseViewController.swift */,
				F9D7E3DD1FD72750009BEE77 /* SessionsViewController.swift */,
				F93687FA1FD623D20060E43C /* Coredata */,
			);
			path = ViewControllers;
			sourceTree = "<group>";
		};
		F93687FA1FD623D20060E43C /* Coredata */ = {
			isa = PBXGroup;
			children = (
				F93687F81FD623CA0060E43C /* CoreDataStack.swift */,
				F93687FF1FD624350060E43C /* Extensions + Helpers */,
			);
			path = Coredata;
			sourceTree = "<group>";
		};
		F93687FF1FD624350060E43C /* Extensions + Helpers */ = {
			isa = PBXGroup;
			children = (
				F93687FB1FD624140060E43C /* Course+Extensions.swift */,
				F93687FD1FD6242E0060E43C /* CoreDataInitiable.swift */,
			);
			name = "Extensions + Helpers";
			sourceTree = "<group>";
		};
/* End PBXGroup section */

/* Begin PBXNativeTarget section */
		F93687DE1FD61CA40060E43C /* CoursePlanner */ = {
			isa = PBXNativeTarget;
			buildConfigurationList = F93687F11FD61CA40060E43C /* Build configuration list for PBXNativeTarget "CoursePlanner" */;
			buildPhases = (
				F93687DB1FD61CA40060E43C /* Sources */,
				F93687DC1FD61CA40060E43C /* Frameworks */,
				F93687DD1FD61CA40060E43C /* Resources */,
			);
			buildRules = (
			);
			dependencies = (
			);
			name = CoursePlanner;
			productName = CoursePlanner;
			productReference = F93687DF1FD61CA40060E43C /* CoursePlanner.app */;
			productType = "com.apple.product-type.application";
		};
/* End PBXNativeTarget section */

/* Begin PBXProject section */
		F93687D71FD61CA40060E43C /* Project object */ = {
			isa = PBXProject;
			attributes = {
				LastSwiftUpdateCheck = 0900;
				LastUpgradeCheck = 0900;
				ORGANIZATIONNAME = "Sky Xu";
				TargetAttributes = {
					F93687DE1FD61CA40060E43C = {
						CreatedOnToolsVersion = 9.0;
						ProvisioningStyle = Automatic;
					};
				};
			};
			buildConfigurationList = F93687DA1FD61CA40060E43C /* Build configuration list for PBXProject "CoursePlanner" */;
			compatibilityVersion = "Xcode 8.0";
			developmentRegion = en;
			hasScannedForEncodings = 0;
			knownRegions = (
				en,
				Base,
			);
			mainGroup = F93687D61FD61CA40060E43C;
			productRefGroup = F93687E01FD61CA40060E43C /* Products */;
			projectDirPath = "";
			projectRoot = "";
			targets = (
				F93687DE1FD61CA40060E43C /* CoursePlanner */,
			);
		};
/* End PBXProject section */

/* Begin PBXResourcesBuildPhase section */
		F93687DD1FD61CA40060E43C /* Resources */ = {
			isa = PBXResourcesBuildPhase;
			buildActionMask = 2147483647;
			files = (
				F93687ED1FD61CA40060E43C /* LaunchScreen.storyboard in Resources */,
				F93687EA1FD61CA40060E43C /* Assets.xcassets in Resources */,
				F93687E81FD61CA40060E43C /* Main.storyboard in Resources */,
			);
			runOnlyForDeploymentPostprocessing = 0;
		};
/* End PBXResourcesBuildPhase section */

/* Begin PBXSourcesBuildPhase section */
		F93687DB1FD61CA40060E43C /* Sources */ = {
			isa = PBXSourcesBuildPhase;
			buildActionMask = 2147483647;
			files = (
				F93687FE1FD6242E0060E43C /* CoreDataInitiable.swift in Sources */,
				F9D7E3E01FD8DCB6009BEE77 /* AddCourseViewController.swift in Sources */,
				F93687F61FD61D160060E43C /* CoursePlannerModel.xcdatamodeld in Sources */,
				F93687FC1FD624140060E43C /* Course+Extensions.swift in Sources */,
				F9D7E3DE1FD72750009BEE77 /* SessionsViewController.swift in Sources */,
				F93687E51FD61CA40060E43C /* CoursesViewController.swift in Sources */,
				F93687E31FD61CA40060E43C /* AppDelegate.swift in Sources */,
				F93687F91FD623CA0060E43C /* CoreDataStack.swift in Sources */,
			);
			runOnlyForDeploymentPostprocessing = 0;
		};
/* End PBXSourcesBuildPhase section */

/* Begin PBXVariantGroup section */
		F93687E61FD61CA40060E43C /* Main.storyboard */ = {
			isa = PBXVariantGroup;
			children = (
				F93687E71FD61CA40060E43C /* Base */,
			);
			name = Main.storyboard;
			sourceTree = "<group>";
		};
		F93687EB1FD61CA40060E43C /* LaunchScreen.storyboard */ = {
			isa = PBXVariantGroup;
			children = (
				F93687EC1FD61CA40060E43C /* Base */,
			);
			name = LaunchScreen.storyboard;
			sourceTree = "<group>";
		};
/* End PBXVariantGroup section */

/* Begin XCBuildConfiguration section */
		F93687EF1FD61CA40060E43C /* Debug */ = {
			isa = XCBuildConfiguration;
			buildSettings = {
				ALWAYS_SEARCH_USER_PATHS = NO;
				CLANG_ANALYZER_NONNULL = YES;
				CLANG_ANALYZER_NUMBER_OBJECT_CONVERSION = YES_AGGRESSIVE;
				CLANG_CXX_LANGUAGE_STANDARD = "gnu++14";
				CLANG_CXX_LIBRARY = "libc++";
				CLANG_ENABLE_MODULES = YES;
				CLANG_ENABLE_OBJC_ARC = YES;
				CLANG_WARN_BLOCK_CAPTURE_AUTORELEASING = YES;
				CLANG_WARN_BOOL_CONVERSION = YES;
				CLANG_WARN_COMMA = YES;
				CLANG_WARN_CONSTANT_CONVERSION = YES;
				CLANG_WARN_DIRECT_OBJC_ISA_USAGE = YES_ERROR;
				CLANG_WARN_DOCUMENTATION_COMMENTS = YES;
				CLANG_WARN_EMPTY_BODY = YES;
				CLANG_WARN_ENUM_CONVERSION = YES;
				CLANG_WARN_INFINITE_RECURSION = YES;
				CLANG_WARN_INT_CONVERSION = YES;
				CLANG_WARN_NON_LITERAL_NULL_CONVERSION = YES;
				CLANG_WARN_OBJC_LITERAL_CONVERSION = YES;
				CLANG_WARN_OBJC_ROOT_CLASS = YES_ERROR;
				CLANG_WARN_RANGE_LOOP_ANALYSIS = YES;
				CLANG_WARN_STRICT_PROTOTYPES = YES;
				CLANG_WARN_SUSPICIOUS_MOVE = YES;
				CLANG_WARN_UNGUARDED_AVAILABILITY = YES_AGGRESSIVE;
				CLANG_WARN_UNREACHABLE_CODE = YES;
				CLANG_WARN__DUPLICATE_METHOD_MATCH = YES;
				CODE_SIGN_IDENTITY = "iPhone Developer";
				COPY_PHASE_STRIP = NO;
				DEBUG_INFORMATION_FORMAT = dwarf;
				ENABLE_STRICT_OBJC_MSGSEND = YES;
				ENABLE_TESTABILITY = YES;
				GCC_C_LANGUAGE_STANDARD = gnu11;
				GCC_DYNAMIC_NO_PIC = NO;
				GCC_NO_COMMON_BLOCKS = YES;
				GCC_OPTIMIZATION_LEVEL = 0;
				GCC_PREPROCESSOR_DEFINITIONS = (
					"DEBUG=1",
					"$(inherited)",
				);
				GCC_WARN_64_TO_32_BIT_CONVERSION = YES;
				GCC_WARN_ABOUT_RETURN_TYPE = YES_ERROR;
				GCC_WARN_UNDECLARED_SELECTOR = YES;
				GCC_WARN_UNINITIALIZED_AUTOS = YES_AGGRESSIVE;
				GCC_WARN_UNUSED_FUNCTION = YES;
				GCC_WARN_UNUSED_VARIABLE = YES;
				IPHONEOS_DEPLOYMENT_TARGET = 11.0;
				MTL_ENABLE_DEBUG_INFO = YES;
				ONLY_ACTIVE_ARCH = YES;
				SDKROOT = iphoneos;
				SWIFT_ACTIVE_COMPILATION_CONDITIONS = DEBUG;
				SWIFT_OPTIMIZATION_LEVEL = "-Onone";
			};
			name = Debug;
		};
		F93687F01FD61CA40060E43C /* Release */ = {
			isa = XCBuildConfiguration;
			buildSettings = {
				ALWAYS_SEARCH_USER_PATHS = NO;
				CLANG_ANALYZER_NONNULL = YES;
				CLANG_ANALYZER_NUMBER_OBJECT_CONVERSION = YES_AGGRESSIVE;
				CLANG_CXX_LANGUAGE_STANDARD = "gnu++14";
				CLANG_CXX_LIBRARY = "libc++";
				CLANG_ENABLE_MODULES = YES;
				CLANG_ENABLE_OBJC_ARC = YES;
				CLANG_WARN_BLOCK_CAPTURE_AUTORELEASING = YES;
				CLANG_WARN_BOOL_CONVERSION = YES;
				CLANG_WARN_COMMA = YES;
				CLANG_WARN_CONSTANT_CONVERSION = YES;
				CLANG_WARN_DIRECT_OBJC_ISA_USAGE = YES_ERROR;
				CLANG_WARN_DOCUMENTATION_COMMENTS = YES;
				CLANG_WARN_EMPTY_BODY = YES;
				CLANG_WARN_ENUM_CONVERSION = YES;
				CLANG_WARN_INFINITE_RECURSION = YES;
				CLANG_WARN_INT_CONVERSION = YES;
				CLANG_WARN_NON_LITERAL_NULL_CONVERSION = YES;
				CLANG_WARN_OBJC_LITERAL_CONVERSION = YES;
				CLANG_WARN_OBJC_ROOT_CLASS = YES_ERROR;
				CLANG_WARN_RANGE_LOOP_ANALYSIS = YES;
				CLANG_WARN_STRICT_PROTOTYPES = YES;
				CLANG_WARN_SUSPICIOUS_MOVE = YES;
				CLANG_WARN_UNGUARDED_AVAILABILITY = YES_AGGRESSIVE;
				CLANG_WARN_UNREACHABLE_CODE = YES;
				CLANG_WARN__DUPLICATE_METHOD_MATCH = YES;
				CODE_SIGN_IDENTITY = "iPhone Developer";
				COPY_PHASE_STRIP = NO;
				DEBUG_INFORMATION_FORMAT = "dwarf-with-dsym";
				ENABLE_NS_ASSERTIONS = NO;
				ENABLE_STRICT_OBJC_MSGSEND = YES;
				GCC_C_LANGUAGE_STANDARD = gnu11;
				GCC_NO_COMMON_BLOCKS = YES;
				GCC_WARN_64_TO_32_BIT_CONVERSION = YES;
				GCC_WARN_ABOUT_RETURN_TYPE = YES_ERROR;
				GCC_WARN_UNDECLARED_SELECTOR = YES;
				GCC_WARN_UNINITIALIZED_AUTOS = YES_AGGRESSIVE;
				GCC_WARN_UNUSED_FUNCTION = YES;
				GCC_WARN_UNUSED_VARIABLE = YES;
				IPHONEOS_DEPLOYMENT_TARGET = 11.0;
				MTL_ENABLE_DEBUG_INFO = NO;
				SDKROOT = iphoneos;
				SWIFT_OPTIMIZATION_LEVEL = "-Owholemodule";
				VALIDATE_PRODUCT = YES;
			};
			name = Release;
		};
		F93687F21FD61CA40060E43C /* Debug */ = {
			isa = XCBuildConfiguration;
			buildSettings = {
				ASSETCATALOG_COMPILER_APPICON_NAME = AppIcon;
				CODE_SIGN_STYLE = Automatic;
				DEVELOPMENT_TEAM = 2CL75PM5U8;
				INFOPLIST_FILE = CoursePlanner/Info.plist;
				LD_RUNPATH_SEARCH_PATHS = "$(inherited) @executable_path/Frameworks";
				PRODUCT_BUNDLE_IDENTIFIER = com.sky.CoursePlanner;
				PRODUCT_NAME = "$(TARGET_NAME)";
				SWIFT_VERSION = 4.0;
				TARGETED_DEVICE_FAMILY = "1,2";
			};
			name = Debug;
		};
		F93687F31FD61CA40060E43C /* Release */ = {
			isa = XCBuildConfiguration;
			buildSettings = {
				ASSETCATALOG_COMPILER_APPICON_NAME = AppIcon;
				CODE_SIGN_STYLE = Automatic;
				DEVELOPMENT_TEAM = 2CL75PM5U8;
				INFOPLIST_FILE = CoursePlanner/Info.plist;
				LD_RUNPATH_SEARCH_PATHS = "$(inherited) @executable_path/Frameworks";
				PRODUCT_BUNDLE_IDENTIFIER = com.sky.CoursePlanner;
				PRODUCT_NAME = "$(TARGET_NAME)";
				SWIFT_VERSION = 4.0;
				TARGETED_DEVICE_FAMILY = "1,2";
			};
			name = Release;
		};
/* End XCBuildConfiguration section */

/* Begin XCConfigurationList section */
		F93687DA1FD61CA40060E43C /* Build configuration list for PBXProject "CoursePlanner" */ = {
			isa = XCConfigurationList;
			buildConfigurations = (
				F93687EF1FD61CA40060E43C /* Debug */,
				F93687F01FD61CA40060E43C /* Release */,
			);
			defaultConfigurationIsVisible = 0;
			defaultConfigurationName = Release;
		};
		F93687F11FD61CA40060E43C /* Build configuration list for PBXNativeTarget "CoursePlanner" */ = {
			isa = XCConfigurationList;
			buildConfigurations = (
				F93687F21FD61CA40060E43C /* Debug */,
				F93687F31FD61CA40060E43C /* Release */,
			);
			defaultConfigurationIsVisible = 0;
			defaultConfigurationName = Release;
		};
/* End XCConfigurationList section */

/* Begin XCVersionGroup section */
		F93687F41FD61D160060E43C /* CoursePlannerModel.xcdatamodeld */ = {
			isa = XCVersionGroup;
			children = (
				F93687F51FD61D160060E43C /* CoursePlannerModel.xcdatamodel */,
			);
			currentVersion = F93687F51FD61D160060E43C /* CoursePlannerModel.xcdatamodel */;
			path = CoursePlannerModel.xcdatamodeld;
			sourceTree = "<group>";
			versionGroupType = wrapper.xcdatamodel;
		};
/* End XCVersionGroup section */
	};
	rootObject = F93687D71FD61CA40060E43C /* Project object */;
}
